
Microsoft Visual Studio Solution File, Format Version 12.00
# Visual Studio Version 17
VisualStudioVersion = 17.3.32922.545
MinimumVisualStudioVersion = 10.0.40219.1
Project("{FAE04EC0-301F-11D3-BF4B-00C04F79EFBC}") = "watiTestProject", "watiTestProject\watiTestProject.csproj", "{A2AEB953-9C4B-4A38-8345-4313FA089FBB}"
EndProject
Project("{FAE04EC0-301F-11D3-BF4B-00C04F79EFBC}") = "DataLayer", "DataLayer\DataLayer.csproj", "{517492D7-4305-4B2D-B146-E54FB0152D1A}"
EndProject
Project("{FAE04EC0-301F-11D3-BF4B-00C04F79EFBC}") = "BusinessLayer", "BusinessLayer\BusinessLayer.csproj", "{B2845D41-4253-4FD5-985E-8E5325613ECD}"
EndProject
Global
	GlobalSection(SolutionConfigurationPlatforms) = preSolution
		Debug|Any CPU = Debug|Any CPU
		Release|Any CPU = Release|Any CPU
	EndGlobalSection
	GlobalSection(ProjectConfigurationPlatforms) = postSolution
		{A2AEB953-9C4B-4A38-8345-4313FA089FBB}.Debug|Any CPU.ActiveCfg = Debug|Any CPU
		{A2AEB953-9C4B-4A38-8345-4313FA089FBB}.Debug|Any CPU.Build.0 = Debug|Any CPU
		{A2AEB953-9C4B-4A38-8345-4313FA089FBB}.Release|Any CPU.ActiveCfg = Release|Any CPU
		{A2AEB953-9C4B-4A38-8345-4313FA089FBB}.Release|Any CPU.Build.0 = Release|Any CPU
		{517492D7-4305-4B2D-B146-E54FB0152D1A}.Debug|Any CPU.ActiveCfg = Debug|Any CPU
		{517492D7-4305-4B2D-B146-E54FB0152D1A}.Debug|Any CPU.Build.0 = Debug|Any CPU
		{517492D7-4305-4B2D-B146-E54FB0152D1A}.Release|Any CPU.ActiveCfg = Release|Any CPU
		{517492D7-4305-4B2D-B146-E54FB0152D1A}.Release|Any CPU.Build.0 = Release|Any CPU
		{B2845D41-4253-4FD5-985E-8E5325613ECD}.Debug|Any CPU.ActiveCfg = Debug|Any CPU
		{B2845D41-4253-4FD5-985E-8E5325613ECD}.Debug|Any CPU.Build.0 = Debug|Any CPU
		{B2845D41-4253-4FD5-985E-8E5325613ECD}.Release|Any CPU.ActiveCfg = Release|Any CPU
		{B2845D41-4253-4FD5-985E-8E5325613ECD}.Release|Any CPU.Build.0 = Release|Any CPU
	EndGlobalSection
	GlobalSection(SolutionProperties) = preSolution
		HideSolutionNode = FALSE
	EndGlobalSection
	GlobalSection(ExtensibilityGlobals) = postSolution
		SolutionGuid = {BF30E4E5-E5E8-43ED-BDE8-0FB50FDD2E57}
	EndGlobalSection
EndGlobal
